{
  "name": "dydbimport",
  "version": "1.0.0",
  "lockfileVersion": 1,
  "requires": true,
  "dependencies": {
    "aws-sdk": {
      "version": "2.568.0",
      "resolved": "https://tv2.jfrog.io/tv2/api/npm/npm/aws-sdk/-/aws-sdk-2.568.0.tgz",
      "integrity": "sha1-cwo4l6CM6rgBDz+ZEZ3CYrxtBsM=",
      "requires": {
        "buffer": "^4.9.1",
        "events": "^1.1.1",
        "ieee754": "^1.1.13",
        "jmespath": "^0.15.0",
        "querystring": "^0.2.0",
        "sax": "^1.2.1",
        "url": "^0.10.3",
        "uuid": "^3.3.2",
        "xml2js": "^0.4.19"
      }
    },
    "base64-js": {
      "version": "1.3.1",
      "resolved": "https://tv2.jfrog.io/tv2/api/npm/npm/base64-js/-/base64-js-1.3.1.tgz",
      "integrity": "sha1-WOzoy3XdB+ce0IxzarxfrE2/jfE="
    },
    "buffer": {
      "version": "4.9.2",
      "resolved": "https://tv2.jfrog.io/tv2/api/npm/npm/buffer/-/buffer-4.9.2.tgz",
      "integrity": "sha1-Iw6tNEACmIZEhBqwJEr4xEu+Pvg=",
      "requires": {
        "base64-js": "^1.0.2",
        "ieee754": "^1.1.4",
        "isarray": "^1.0.0"
      }
    },
    "clone": {
      "version": "1.0.4",
      "resolved": "https://tv2.jfrog.io/tv2/api/npm/npm/clone/-/clone-1.0.4.tgz",
      "integrity": "sha1-2jCcwmPfFZlMaIypAheco8fNfH4="
    },
    "csv-parse": {
      "version": "4.6.5",
      "resolved": "https://tv2.jfrog.io/tv2/api/npm/npm/csv-parse/-/csv-parse-4.6.5.tgz",
      "integrity": "sha1-5RdRZt2IPW2J4prYF0pjIkywIYI=",
      "requires": {
        "pad": "^3.2.0"
      }
    },
    "defaults": {
      "version": "1.0.3",
      "resolved": "https://tv2.jfrog.io/tv2/api/npm/npm/defaults/-/defaults-1.0.3.tgz",
      "integrity": "sha1-xlYFHpgX2f8I7YgUd/P+QBnz730=",
      "requires": {
        "clone": "^1.0.2"
      }
    },
    "define-properties": {
      "version": "1.1.3",
      "resolved": "https://tv2.jfrog.io/tv2/api/npm/npm/define-properties/-/define-properties-1.1.3.tgz",
      "integrity": "sha1-z4jabL7ib+bbcJT2HYcMvYTO6fE=",
      "requires": {
        "object-keys": "^1.0.12"
      }
    },
    "es-abstract": {
      "version": "1.16.0",
      "resolved": "https://tv2.jfrog.io/tv2/api/npm/npm/es-abstract/-/es-abstract-1.16.0.tgz",
      "integrity": "sha1-06JtycMoOsl1DcpWlYbpdtncwG0=",
      "requires": {
        "es-to-primitive": "^1.2.0",
        "function-bind": "^1.1.1",
        "has": "^1.0.3",
        "has-symbols": "^1.0.0",
        "is-callable": "^1.1.4",
        "is-regex": "^1.0.4",
        "object-inspect": "^1.6.0",
        "object-keys": "^1.1.1",
        "string.prototype.trimleft": "^2.1.0",
        "string.prototype.trimright": "^2.1.0"
      }
    },
    "es-to-primitive": {
      "version": "1.2.1",
      "resolved": "https://tv2.jfrog.io/tv2/api/npm/npm/es-to-primitive/-/es-to-primitive-1.2.1.tgz",
      "integrity": "sha1-5VzUyc3BiLzvsDs2bHNjI/xciYo=",
      "requires": {
        "is-callable": "^1.1.4",
        "is-date-object": "^1.0.1",
        "is-symbol": "^1.0.2"
      }
    },
    "events": {
      "version": "1.1.1",
      "resolved": "https://tv2.jfrog.io/tv2/api/npm/npm/events/-/events-1.1.1.tgz",
      "integrity": "sha1-nr23Y1rQmccNzEwqH1AEKI6L2SQ="
    },
    "function-bind": {
      "version": "1.1.1",
      "resolved": "https://tv2.jfrog.io/tv2/api/npm/npm/function-bind/-/function-bind-1.1.1.tgz",
      "integrity": "sha1-pWiZ0+o8m6uHS7l3O3xe3pL0iV0="
    },
    "has": {
      "version": "1.0.3",
      "resolved": "https://tv2.jfrog.io/tv2/api/npm/npm/has/-/has-1.0.3.tgz",
      "integrity": "sha1-ci18v8H2qoJB8W3YFOAR4fQeh5Y=",
      "requires": {
        "function-bind": "^1.1.1"
      }
    },
    "has-symbols": {
      "version": "1.0.0",
      "resolved": "https://tv2.jfrog.io/tv2/api/npm/npm/has-symbols/-/has-symbols-1.0.0.tgz",
      "integrity": "sha1-uhqPGvKg/DllD1yFA2dwQSIGO0Q="
    },
    "ieee754": {
      "version": "1.1.13",
      "resolved": "https://tv2.jfrog.io/tv2/api/npm/npm/ieee754/-/ieee754-1.1.13.tgz",
      "integrity": "sha1-7BaFWOlaoYH9h9N/VcMrvLZwi4Q="
    },
    "is-callable": {
      "version": "1.1.4",
      "resolved": "https://tv2.jfrog.io/tv2/api/npm/npm/is-callable/-/is-callable-1.1.4.tgz",
      "integrity": "sha1-HhrfIZ4e62hNaR+dagX/DTCiTXU="
    },
    "is-date-object": {
      "version": "1.0.1",
      "resolved": "https://tv2.jfrog.io/tv2/api/npm/npm/is-date-object/-/is-date-object-1.0.1.tgz",
      "integrity": "sha1-mqIOtq7rv/d/vTPnTKAbM1gdOhY="
    },
    "is-regex": {
      "version": "1.0.4",
      "resolved": "https://tv2.jfrog.io/tv2/api/npm/npm/is-regex/-/is-regex-1.0.4.tgz",
      "integrity": "sha1-VRdIm1RwkbCTDglWVM7SXul+lJE=",
      "requires": {
        "has": "^1.0.1"
      }
    },
    "is-symbol": {
      "version": "1.0.2",
      "resolved": "https://tv2.jfrog.io/tv2/api/npm/npm/is-symbol/-/is-symbol-1.0.2.tgz",
      "integrity": "sha1-oFX2rlcZLK7jKeeoYBGLSXqVDzg=",
      "requires": {
        "has-symbols": "^1.0.0"
      }
    },
    "isarray": {
      "version": "1.0.0",
      "resolved": "https://tv2.jfrog.io/tv2/api/npm/npm/isarray/-/isarray-1.0.0.tgz",
      "integrity": "sha1-u5NdSFgsuhaMBoNJV6VKPgcSTxE="
    },
    "jmespath": {
      "version": "0.15.0",
      "resolved": "https://tv2.jfrog.io/tv2/api/npm/npm/jmespath/-/jmespath-0.15.0.tgz",
      "integrity": "sha1-o/Iiqarp+Wb10nx5ZRDigJF2Qhc="
    },
    "object-inspect": {
      "version": "1.7.0",
      "resolved": "https://tv2.jfrog.io/tv2/api/npm/npm/object-inspect/-/object-inspect-1.7.0.tgz",
      "integrity": "sha1-9Pa9GBrXfwBrXs5gvQtvOY/3Smc="
    },
    "object-keys": {
      "version": "1.1.1",
      "resolved": "https://tv2.jfrog.io/tv2/api/npm/npm/object-keys/-/object-keys-1.1.1.tgz",
      "integrity": "sha1-HEfyct8nfzsdrwYWd9nILiMixg4="
    },
    "object.getownpropertydescriptors": {
      "version": "2.0.3",
      "resolved": "https://tv2.jfrog.io/tv2/api/npm/npm/object.getownpropertydescriptors/-/object.getownpropertydescriptors-2.0.3.tgz",
      "integrity": "sha1-h1jIRvW0B62rDyNuCYbxSwUcqhY=",
      "requires": {
        "define-properties": "^1.1.2",
        "es-abstract": "^1.5.1"
      }
    },
    "pad": {
      "version": "3.2.0",
      "resolved": "https://tv2.jfrog.io/tv2/api/npm/npm/pad/-/pad-3.2.0.tgz",
      "integrity": "sha1-vnodHLZ1cEm0rVtw5xl3FY/qldE=",
      "requires": {
        "wcwidth": "^1.0.1"
      }
    },
    "papaparse": {
      "version": "5.1.0",
      "resolved": "https://tv2.jfrog.io/tv2/api/npm/npm/papaparse/-/papaparse-5.1.0.tgz",
      "integrity": "sha1-Yijo2W3pljCtAXz2UiBCMZ+sxes="
    },
    "punycode": {
      "version": "1.3.2",
      "resolved": "https://tv2.jfrog.io/tv2/api/npm/npm/punycode/-/punycode-1.3.2.tgz",
      "integrity": "sha1-llOgNvt8HuQjQvIyXM7v6jkmxI0="
    },
    "querystring": {
      "version": "0.2.0",
      "resolved": "https://tv2.jfrog.io/tv2/api/npm/npm/querystring/-/querystring-0.2.0.tgz",
      "integrity": "sha1-sgmEkgO7Jd+CDadW50cAWHhSFiA="
    },
    "sax": {
      "version": "1.2.4",
      "resolved": "https://tv2.jfrog.io/tv2/api/npm/npm/sax/-/sax-1.2.4.tgz",
      "integrity": "sha1-KBYjTiN4vdxOU1T6tcqold9xANk="
    },
    "string.prototype.trimleft": {
      "version": "2.1.0",
      "resolved": "https://tv2.jfrog.io/tv2/api/npm/npm/string.prototype.trimleft/-/string.prototype.trimleft-2.1.0.tgz",
      "integrity": "sha1-bMR/DX641isPNwFhFxWjlUWR1jQ=",
      "requires": {
        "define-properties": "^1.1.3",
        "function-bind": "^1.1.1"
      }
    },
    "string.prototype.trimright": {
      "version": "2.1.0",
      "resolved": "https://tv2.jfrog.io/tv2/api/npm/npm/string.prototype.trimright/-/string.prototype.trimright-2.1.0.tgz",
      "integrity": "sha1-Zp0WS+nfm291WfqOiZRbFopabFg=",
      "requires": {
        "define-properties": "^1.1.3",
        "function-bind": "^1.1.1"
      }
    },
    "url": {
      "version": "0.10.3",
      "resolved": "https://tv2.jfrog.io/tv2/api/npm/npm/url/-/url-0.10.3.tgz",
      "integrity": "sha1-Ah5NnHcF8hu/N9A861h2dAJ3TGQ=",
      "requires": {
        "punycode": "1.3.2",
        "querystring": "0.2.0"
      }
    },
    "util.promisify": {
      "version": "1.0.0",
      "resolved": "https://tv2.jfrog.io/tv2/api/npm/npm/util.promisify/-/util.promisify-1.0.0.tgz",
      "integrity": "sha1-RA9xZaRZyaFtwUXrjnLzVocJcDA=",
      "requires": {
        "define-properties": "^1.1.2",
        "object.getownpropertydescriptors": "^2.0.3"
      }
    },
    "uuid": {
      "version": "3.3.3",
      "resolved": "https://tv2.jfrog.io/tv2/api/npm/npm/uuid/-/uuid-3.3.3.tgz",
      "integrity": "sha1-RWjwIW54dg7h2/Ok0s9T4iQRKGY="
    },
    "wcwidth": {
      "version": "1.0.1",
      "resolved": "https://tv2.jfrog.io/tv2/api/npm/npm/wcwidth/-/wcwidth-1.0.1.tgz",
      "integrity": "sha1-8LDc+RW8X/FSivrbLA4XtTLaL+g=",
      "requires": {
        "defaults": "^1.0.3"
      }
    },
    "xml2js": {
      "version": "0.4.22",
      "resolved": "https://tv2.jfrog.io/tv2/api/npm/npm/xml2js/-/xml2js-0.4.22.tgz",
      "integrity": "sha1-T6LYRuyAMjfehvMKqbX3C2YA3gI=",
      "requires": {
        "sax": ">=0.6.0",
        "util.promisify": "~1.0.0",
        "xmlbuilder": "~11.0.0"
      }
    },
    "xmlbuilder": {
      "version": "11.0.1",
      "resolved": "https://tv2.jfrog.io/tv2/api/npm/npm/xmlbuilder/-/xmlbuilder-11.0.1.tgz",
      "integrity": "sha1-vpuuHIoEbnazESdyY0fQrXACvrM="
    }
  }
}
